# THIS IS AN AUTOGENERATED FILE. DO NOT EDIT THIS FILE DIRECTLY.
# yarn lockfile v1


"@types/node@^14.14.9":
  version "14.14.9"
  resolved "https://registry.npm.taobao.org/@types/node/download/@types/node-14.14.9.tgz?cache=0&sync_timestamp=1605819795096&other_urls=https%3A%2F%2Fregistry.npm.taobao.org%2F%40types%2Fnode%2Fdownload%2F%40types%2Fnode-14.14.9.tgz#04afc9a25c6ff93da14deabd65dc44485b53c8d6"
  integrity sha1-BK/Jolxv+T2hTeq9ZdxESFtTyNY=

commander@^6.2.0:
  version "6.2.0"
  resolved "https://registry.npm.taobao.org/commander/download/commander-6.2.0.tgz?cache=0&sync_timestamp=1605992513187&other_urls=https%3A%2F%2Fregistry.npm.taobao.org%2Fcommander%2Fdownload%2Fcommander-6.2.0.tgz#b990bfb8ac030aedc6d11bc04d1488ffef56db75"
  integrity sha1-uZC/uKwDCu3G0RvATRSI/+9W23U=

esbuild@^0.8.12:
  version "0.8.12"
  resolved "https://registry.npm.taobao.org/esbuild/download/esbuild-0.8.12.tgz?cache=0&sync_timestamp=1605941841925&other_urls=https%3A%2F%2Fregistry.npm.taobao.org%2Fesbuild%2Fdownload%2Fesbuild-0.8.12.tgz#bea417dbb228a971a5df255cb1b8acf5ea96ef52"
  integrity sha1-vqQX27IoqXGl3yVcsbis9eqW71I=

prettier@^2.2.0:
  version "2.2.0"
  resolved "https://registry.npm.taobao.org/prettier/download/prettier-2.2.0.tgz?cache=0&sync_timestamp=1605845790506&other_urls=https%3A%2F%2Fregistry.npm.taobao.org%2Fprettier%2Fdownload%2Fprettier-2.2.0.tgz#8a03c7777883b29b37fb2c4348c66a78e980418b"
  integrity sha1-igPHd3iDsps3+yxDSMZqeOmAQYs=

typescript@^4.1.2:
  version "4.1.2"
  resolved "https://registry.npm.taobao.org/typescript/download/typescript-4.1.2.tgz?cache=0&sync_timestamp=1605942960977&other_urls=https%3A%2F%2Fregistry.npm.taobao.org%2Ftypescript%2Fdownload%2Ftypescript-4.1.2.tgz#6369ef22516fe5e10304aae5a5c4862db55380e9"
  integrity sha1-Y2nvIlFv5eEDBKrlpcSGLbVTgOk=
