# THIS IS AN AUTOGENERATED FILE. DO NOT EDIT THIS FILE DIRECTLY.
# yarn lockfile v1


"@types/fs-extra@^9.0.4":
  version "9.0.4"
  resolved "https://registry.npm.taobao.org/@types/fs-extra/download/@types/fs-extra-9.0.4.tgz?cache=0&sync_timestamp=1605132639324&other_urls=https%3A%2F%2Fregistry.npm.taobao.org%2F%40types%2Ffs-extra%2Fdownload%2F%40types%2Ffs-extra-9.0.4.tgz#12553138cf0438db9a31cdc8b0a3aa9332eb67aa"
  integrity sha1-ElUxOM8EONuaMc3IsKOqkzLrZ6o=
  dependencies:
    "@types/node" "*"

"@types/node@*":
  version "14.14.10"
  resolved "https://registry.npm.taobao.org/@types/node/download/@types/node-14.14.10.tgz?cache=0&sync_timestamp=1606284006788&other_urls=https%3A%2F%2Fregistry.npm.taobao.org%2F%40types%2Fnode%2Fdownload%2F%40types%2Fnode-14.14.10.tgz#5958a82e41863cfc71f2307b3748e3491ba03785"
  integrity sha1-WVioLkGGPPxx8jB7N0jjSRugN4U=

"js-tokens@^3.0.0 || ^4.0.0":
  version "4.0.0"
  resolved "https://registry.npm.taobao.org/js-tokens/download/js-tokens-4.0.0.tgz#19203fb59991df98e3a287050d4647cdeaf32499"
  integrity sha1-GSA/tZmR35jjoocFDUZHzerzJJk=

loose-envify@^1.1.0, loose-envify@^1.4.0:
  version "1.4.0"
  resolved "https://registry.npm.taobao.org/loose-envify/download/loose-envify-1.4.0.tgz#71ee51fa7be4caec1a63839f7e682d8132d30caf"
  integrity sha1-ce5R+nvkyuwaY4OffmgtgTLTDK8=
  dependencies:
    js-tokens "^3.0.0 || ^4.0.0"

object-assign@^4.1.1:
  version "4.1.1"
  resolved "https://registry.npm.taobao.org/object-assign/download/object-assign-4.1.1.tgz#2109adc7965887cfc05cbbd442cac8bfbb360863"
  integrity sha1-IQmtx5ZYh8/AXLvUQsrIv7s2CGM=

prettier@^2.0.5:
  version "2.2.0"
  resolved "https://registry.npm.taobao.org/prettier/download/prettier-2.2.0.tgz?cache=0&sync_timestamp=1605845790506&other_urls=https%3A%2F%2Fregistry.npm.taobao.org%2Fprettier%2Fdownload%2Fprettier-2.2.0.tgz#8a03c7777883b29b37fb2c4348c66a78e980418b"
  integrity sha1-igPHd3iDsps3+yxDSMZqeOmAQYs=

prop-types@^15.6.2:
  version "15.7.2"
  resolved "https://registry.npm.taobao.org/prop-types/download/prop-types-15.7.2.tgz#52c41e75b8c87e72b9d9360e0206b99dcbffa6c5"
  integrity sha1-UsQedbjIfnK52TYOAga5ncv/psU=
  dependencies:
    loose-envify "^1.4.0"
    object-assign "^4.1.1"
    react-is "^16.8.1"

react-dom@^16.13.1:
  version "16.14.0"
  resolved "https://registry.npm.taobao.org/react-dom/download/react-dom-16.14.0.tgz?cache=0&sync_timestamp=1603367590403&other_urls=https%3A%2F%2Fregistry.npm.taobao.org%2Freact-dom%2Fdownload%2Freact-dom-16.14.0.tgz#7ad838ec29a777fb3c75c3a190f661cf92ab8b89"
  integrity sha1-etg47Cmnd/s8dcOhkPZhz5Kri4k=
  dependencies:
    loose-envify "^1.1.0"
    object-assign "^4.1.1"
    prop-types "^15.6.2"
    scheduler "^0.19.1"

react-is@^16.8.1:
  version "16.13.1"
  resolved "https://registry.npm.taobao.org/react-is/download/react-is-16.13.1.tgz?cache=0&sync_timestamp=1603367576715&other_urls=https%3A%2F%2Fregistry.npm.taobao.org%2Freact-is%2Fdownload%2Freact-is-16.13.1.tgz#789729a4dc36de2999dc156dd6c1d9c18cea56a4"
  integrity sha1-eJcppNw23imZ3BVt1sHZwYzqVqQ=

react@^16.13.1:
  version "16.14.0"
  resolved "https://registry.npm.taobao.org/react/download/react-16.14.0.tgz?cache=0&sync_timestamp=1603367592109&other_urls=https%3A%2F%2Fregistry.npm.taobao.org%2Freact%2Fdownload%2Freact-16.14.0.tgz#94d776ddd0aaa37da3eda8fc5b6b18a4c9a3114d"
  integrity sha1-lNd23dCqo32j7aj8W2sYpMmjEU0=
  dependencies:
    loose-envify "^1.1.0"
    object-assign "^4.1.1"
    prop-types "^15.6.2"

scheduler@^0.19.1:
  version "0.19.1"
  resolved "https://registry.npm.taobao.org/scheduler/download/scheduler-0.19.1.tgz?cache=0&sync_timestamp=1603367591660&other_urls=https%3A%2F%2Fregistry.npm.taobao.org%2Fscheduler%2Fdownload%2Fscheduler-0.19.1.tgz#4f3e2ed2c1a7d65681f4c854fa8c5a1ccb40f196"
  integrity sha1-Tz4u0sGn1laB9MhU+oxaHMtA8ZY=
  dependencies:
    loose-envify "^1.1.0"
    object-assign "^4.1.1"

typescript@^4.0.0:
  version "4.1.2"
  resolved "https://registry.npm.taobao.org/typescript/download/typescript-4.1.2.tgz#6369ef22516fe5e10304aae5a5c4862db55380e9"
  integrity sha1-Y2nvIlFv5eEDBKrlpcSGLbVTgOk=
